
Microsoft Visual Studio Solution File, Format Version 12.00
# Visual Studio Version 17
VisualStudioVersion = 17.2.32630.192
MinimumVisualStudioVersion = 10.0.40219.1
Project("{FAE04EC0-301F-11D3-BF4B-00C04F79EFBC}") = "Projet Hanieh Mohajerani", "Projet Hanieh Mohajerani\Projet Hanieh Mohajerani.csproj", "{1B13D6A7-5573-400F-8132-D350E827666B}"
EndProject
Global
	GlobalSection(SolutionConfigurationPlatforms) = preSolution
		Debug|Any CPU = Debug|Any CPU
		Release|Any CPU = Release|Any CPU
	EndGlobalSection
	GlobalSection(ProjectConfigurationPlatforms) = postSolution
		{1B13D6A7-5573-400F-8132-D350E827666B}.Debug|Any CPU.ActiveCfg = Debug|Any CPU
		{1B13D6A7-5573-400F-8132-D350E827666B}.Debug|Any CPU.Build.0 = Debug|Any CPU
		{1B13D6A7-5573-400F-8132-D350E827666B}.Release|Any CPU.ActiveCfg = Release|Any CPU
		{1B13D6A7-5573-400F-8132-D350E827666B}.Release|Any CPU.Build.0 = Release|Any CPU
	EndGlobalSection
	GlobalSection(SolutionProperties) = preSolution
		HideSolutionNode = FALSE
	EndGlobalSection
	GlobalSection(ExtensibilityGlobals) = postSolution
		SolutionGuid = {2E2C6A9B-946C-49A0-A3DC-87DC7987FFEA}
	EndGlobalSection
EndGlobal
